# THIS IS AN AUTOGENERATED FILE. DO NOT EDIT THIS FILE DIRECTLY.
# yarn lockfile v1


cross-env@^7.0.3:
  version "7.0.3"
  resolved "https://registry.npmmirror.com/cross-env/-/cross-env-7.0.3.tgz#865264b29677dc015ba8418918965dd232fc54cf"
  integrity sha512-+/HKd6EgcQCJGh2PSjZuUitQBQynKor4wrFbRg4DtAgS1aWO+gU52xpH7M9ScGgXSYmAVS9bIJ8EzuaGw0oNAw==
  dependencies:
    cross-spawn "^7.0.1"

cross-spawn@^7.0.1:
  version "7.0.3"
  resolved "https://registry.npmmirror.com/cross-spawn/-/cross-spawn-7.0.3.tgz#f73a85b9d5d41d045551c177e2882d4ac85728a6"
  integrity sha512-iRDPJKUPVEND7dHPO8rkbOnPpyDygcDFtWjpeWNCgy8WP2rXcxXL8TskReQl6OrB2G7+UJrags1q15Fudc7G6w==
  dependencies:
    path-key "^3.1.0"
    shebang-command "^2.0.0"
    which "^2.0.1"

gitbook-plugin-back-to-top-button@0.1.4:
  version "0.1.4"
  resolved "https://registry.npmmirror.com/gitbook-plugin-back-to-top-button/-/gitbook-plugin-back-to-top-button-0.1.4.tgz#e6218338b0ef19d58e6f6600994350b76e8035df"
  integrity sha512-B97MdUp4YhNkSmEc1v+5E21nRaI+ppNKjz2oZelZ8DTuumOMe/e0QizXC2ymxO8iYPkWuaqzaeGedHpxRq/Yhw==

gitbook-plugin-code@0.1.0:
  version "0.1.0"
  resolved "https://registry.npmmirror.com/gitbook-plugin-code/-/gitbook-plugin-code-0.1.0.tgz#811a9600baef7558ae193cee7d5810001667e97b"
  integrity sha512-TE8CUFlN7da4SiN2LYx8qk+FX5w2O2IicEcn48sPTpA8gj9qKQqpYpGEdwgsDEev11shEjCZhDwFN//GQ7bdnA==

gitbook-plugin-expandable-chapters@0.2.0:
  version "0.2.0"
  resolved "https://registry.npmmirror.com/gitbook-plugin-expandable-chapters/-/gitbook-plugin-expandable-chapters-0.2.0.tgz#45d7087ae6907a41f48128c54fe56224a9c1ada2"
  integrity sha512-oEFVR/5UrjQYsu/WWPLiwgB2kUi9V3T+JqifBBzEvC45aPNmV1Jx/zoWSlISYSN9M5f8/l1DPl5zkL5hFSFfgA==

gitbook-plugin-flexible-alerts@1.0.3:
  version "1.0.3"
  resolved "https://registry.npmmirror.com/gitbook-plugin-flexible-alerts/-/gitbook-plugin-flexible-alerts-1.0.3.tgz#057a15a91209febbfdd0e813437be17da6bbd8a0"
  integrity sha512-81hXO9fIN4MYkRQ2D56kaNh4XQ/ztjQQQijB0cwXXqTbaLkpo+2P56BH6THRBMApxpFe5S9Q6X5YhTHkMyhHNw==

gitbook-plugin-livereload@0.0.1:
  version "0.0.1"
  resolved "https://registry.npmmirror.com/gitbook-plugin-livereload/-/gitbook-plugin-livereload-0.0.1.tgz#c0c9dc6f55f82fc24f97532b25287abbbb416b96"
  integrity sha512-+5xinicId2ZcbP6jBTFfQBnjz8nhoBgcOuQfKTEM6Yg9fBsmo2mxY6ubrx1b5ozuIMyfDLkSihx97A7+X+EtQQ==

gitbook-plugin-search-pro@2.0.2:
  version "2.0.2"
  resolved "https://registry.npmmirror.com/gitbook-plugin-search-pro/-/gitbook-plugin-search-pro-2.0.2.tgz#7ce76e8f65c2044489b9c692736b23f81fe6a1f2"
  integrity sha512-JZvfwp1DPsoAeGjGwLsYNr4BBgreAUYBfrpZbnLKg3COAO+OsFYOKEAexHKATOajCEhiQMfkN1rnFGTYP2XTkA==
  dependencies:
    html-entities "1.2.0"

gitbook-plugin-theme-lou@1.0.3:
  version "1.0.3"
  resolved "https://registry.npmmirror.com/gitbook-plugin-theme-lou/-/gitbook-plugin-theme-lou-1.0.3.tgz#388701eb2d11e2f8276302892e9b2b366888eead"
  integrity sha512-DXhC9Di9ElrowBDDa30//sy8Q2P3i62XUmpsOS2hLlPQXyKpdETtAigrusKX73oTIUwOvr57JfkrRPtmQ/1l4w==

html-entities@1.2.0:
  version "1.2.0"
  resolved "https://registry.npmmirror.com/html-entities/-/html-entities-1.2.0.tgz#41948caf85ce82fed36e4e6a0ed371a6664379e2"
  integrity sha512-0md7tlUUyb0BEQGsZzbqty1CgV6RESOoxdivt94AScqhBhYsPCCQCOaGvur/RospMjYpPJ7iFe3zw4Bu4SVA8g==

isexe@^2.0.0:
  version "2.0.0"
  resolved "https://registry.npmmirror.com/isexe/-/isexe-2.0.0.tgz#e8fbf374dc556ff8947a10dcb0572d633f2cfa10"
  integrity sha512-RHxMLp9lnKHGHRng9QFhRCMbYAcVpn69smSGcq3f36xjgVVWThj4qqLbTLlq7Ssj8B+fIQ1EuCEGI2lKsyQeIw==

path-key@^3.1.0:
  version "3.1.1"
  resolved "https://registry.npmmirror.com/path-key/-/path-key-3.1.1.tgz#581f6ade658cbba65a0d3380de7753295054f375"
  integrity sha512-ojmeN0qd+y0jszEtoY48r0Peq5dwMEkIlCOu6Q5f41lfkswXuKtYrhgoTpLnyIcHm24Uhqx+5Tqm2InSwLhE6Q==

shebang-command@^2.0.0:
  version "2.0.0"
  resolved "https://registry.npmmirror.com/shebang-command/-/shebang-command-2.0.0.tgz#ccd0af4f8835fbdc265b82461aaf0c36663f34ea"
  integrity sha512-kHxr2zZpYtdmrN1qDjrrX/Z1rR1kG8Dx+gkpK1G4eXmvXswmcE1hTWBWYUzlraYw1/yZp6YuDY77YtvbN0dmDA==
  dependencies:
    shebang-regex "^3.0.0"

shebang-regex@^3.0.0:
  version "3.0.0"
  resolved "https://registry.npmmirror.com/shebang-regex/-/shebang-regex-3.0.0.tgz#ae16f1644d873ecad843b0307b143362d4c42172"
  integrity sha512-7++dFhtcx3353uBaq8DDR4NuxBetBzC7ZQOhmTQInHEd6bSrXdiEyzCvG07Z44UYdLShWUyXt5M/yhz8ekcb1A==

which@^2.0.1:
  version "2.0.2"
  resolved "https://registry.npmmirror.com/which/-/which-2.0.2.tgz#7c6a8dd0a636a0327e10b59c9286eee93f3f51b1"
  integrity sha512-BLI3Tl1TW3Pvl70l3yq3Y64i+awpwXqsGBYWkkqMtnbXgrMD+yj7rhW0kuEDxzJaYXGjEW5ogapKNMEKNMjibA==
  dependencies:
    isexe "^2.0.0"
